
Microsoft Visual Studio Solution File, Format Version 12.00
# Visual Studio Version 16
VisualStudioVersion = 16.0.32126.315
MinimumVisualStudioVersion = 10.0.40219.1
Project("{9A19103F-16F7-4668-BE54-9A1E7A4F7556}") = "windowsRenderer", "JoshDisplay\windowsRenderer.csproj", "{54E0C1B7-0B8F-4C48-A9D4-7D3B5E4869BF}"
EndProject
Global
	GlobalSection(SolutionConfigurationPlatforms) = preSolution
		Debug|Any CPU = Debug|Any CPU
		Debug|x64 = Debug|x64
		Release|Any CPU = Release|Any CPU
		Release|x64 = Release|x64
	EndGlobalSection
	GlobalSection(ProjectConfigurationPlatforms) = postSolution
		{54E0C1B7-0B8F-4C48-A9D4-7D3B5E4869BF}.Debug|Any CPU.ActiveCfg = Debug|Any CPU
		{54E0C1B7-0B8F-4C48-A9D4-7D3B5E4869BF}.Debug|Any CPU.Build.0 = Debug|Any CPU
		{54E0C1B7-0B8F-4C48-A9D4-7D3B5E4869BF}.Debug|x64.ActiveCfg = Debug|x64
		{54E0C1B7-0B8F-4C48-A9D4-7D3B5E4869BF}.Debug|x64.Build.0 = Debug|x64
		{54E0C1B7-0B8F-4C48-A9D4-7D3B5E4869BF}.Release|Any CPU.ActiveCfg = Release|Any CPU
		{54E0C1B7-0B8F-4C48-A9D4-7D3B5E4869BF}.Release|Any CPU.Build.0 = Release|Any CPU
		{54E0C1B7-0B8F-4C48-A9D4-7D3B5E4869BF}.Release|x64.ActiveCfg = Release|x64
		{54E0C1B7-0B8F-4C48-A9D4-7D3B5E4869BF}.Release|x64.Build.0 = Release|x64
	EndGlobalSection
	GlobalSection(SolutionProperties) = preSolution
		HideSolutionNode = FALSE
	EndGlobalSection
	GlobalSection(ExtensibilityGlobals) = postSolution
		SolutionGuid = {323DBE17-3F1C-4662-810B-C3BE5B9E778C}
	EndGlobalSection
EndGlobal
