
Microsoft Visual Studio Solution File, Format Version 12.00
# Visual Studio Version 17
VisualStudioVersion = 17.2.32616.157
MinimumVisualStudioVersion = 10.0.40219.1
Project("{9A19103F-16F7-4668-BE54-9A1E7A4F7556}") = "pixel_editor", "pixel_editor\pixel_editor.csproj", "{932C2F53-F9DA-48E4-BD49-14984398A402}"
EndProject
Project("{2150E333-8FDC-42A3-9474-1A3956D46DE8}") = "Solution Items", "Solution Items", "{04F78B39-FD64-4E51-B0E7-53CF75E8625C}"
	ProjectSection(SolutionItems) = preProject
		.editorconfig = .editorconfig
		toc.md = toc.md
	EndProjectSection
EndProject
Project("{9A19103F-16F7-4668-BE54-9A1E7A4F7556}") = "pixel_renderer", "pixel_engine\pixel_renderer.csproj", "{4B0695DB-9BD5-465B-82A7-12E91B28B9F5}"
EndProject
Project("{8BC9CEB8-8B4A-11D0-8D11-00A0C91BC942}") = "PixelNative", "PixelNative\PixelNative.vcxproj", "{E151EE35-622D-409F-904E-6031684E49AB}"
EndProject
Global
	GlobalSection(SolutionConfigurationPlatforms) = preSolution
		Debug|Any CPU = Debug|Any CPU
		Debug|x64 = Debug|x64
		Debug|x86 = Debug|x86
		Release|Any CPU = Release|Any CPU
		Release|x64 = Release|x64
		Release|x86 = Release|x86
	EndGlobalSection
	GlobalSection(ProjectConfigurationPlatforms) = postSolution
		{932C2F53-F9DA-48E4-BD49-14984398A402}.Debug|Any CPU.ActiveCfg = Debug|Any CPU
		{932C2F53-F9DA-48E4-BD49-14984398A402}.Debug|Any CPU.Build.0 = Debug|Any CPU
		{932C2F53-F9DA-48E4-BD49-14984398A402}.Debug|x64.ActiveCfg = Debug|x64
		{932C2F53-F9DA-48E4-BD49-14984398A402}.Debug|x64.Build.0 = Debug|x64
		{932C2F53-F9DA-48E4-BD49-14984398A402}.Debug|x86.ActiveCfg = Debug|Any CPU
		{932C2F53-F9DA-48E4-BD49-14984398A402}.Debug|x86.Build.0 = Debug|Any CPU
		{932C2F53-F9DA-48E4-BD49-14984398A402}.Release|Any CPU.ActiveCfg = Release|Any CPU
		{932C2F53-F9DA-48E4-BD49-14984398A402}.Release|Any CPU.Build.0 = Release|Any CPU
		{932C2F53-F9DA-48E4-BD49-14984398A402}.Release|x64.ActiveCfg = Release|x64
		{932C2F53-F9DA-48E4-BD49-14984398A402}.Release|x64.Build.0 = Release|x64
		{932C2F53-F9DA-48E4-BD49-14984398A402}.Release|x86.ActiveCfg = Release|Any CPU
		{932C2F53-F9DA-48E4-BD49-14984398A402}.Release|x86.Build.0 = Release|Any CPU
		{4B0695DB-9BD5-465B-82A7-12E91B28B9F5}.Debug|Any CPU.ActiveCfg = Debug|Any CPU
		{4B0695DB-9BD5-465B-82A7-12E91B28B9F5}.Debug|Any CPU.Build.0 = Debug|Any CPU
		{4B0695DB-9BD5-465B-82A7-12E91B28B9F5}.Debug|x64.ActiveCfg = Debug|x64
		{4B0695DB-9BD5-465B-82A7-12E91B28B9F5}.Debug|x64.Build.0 = Debug|x64
		{4B0695DB-9BD5-465B-82A7-12E91B28B9F5}.Debug|x86.ActiveCfg = Debug|Any CPU
		{4B0695DB-9BD5-465B-82A7-12E91B28B9F5}.Debug|x86.Build.0 = Debug|Any CPU
		{4B0695DB-9BD5-465B-82A7-12E91B28B9F5}.Release|Any CPU.ActiveCfg = Release|Any CPU
		{4B0695DB-9BD5-465B-82A7-12E91B28B9F5}.Release|Any CPU.Build.0 = Release|Any CPU
		{4B0695DB-9BD5-465B-82A7-12E91B28B9F5}.Release|x64.ActiveCfg = Release|x64
		{4B0695DB-9BD5-465B-82A7-12E91B28B9F5}.Release|x64.Build.0 = Release|x64
		{4B0695DB-9BD5-465B-82A7-12E91B28B9F5}.Release|x86.ActiveCfg = Release|Any CPU
		{4B0695DB-9BD5-465B-82A7-12E91B28B9F5}.Release|x86.Build.0 = Release|Any CPU
		{E151EE35-622D-409F-904E-6031684E49AB}.Debug|Any CPU.ActiveCfg = Debug|x64
		{E151EE35-622D-409F-904E-6031684E49AB}.Debug|Any CPU.Build.0 = Debug|x64
		{E151EE35-622D-409F-904E-6031684E49AB}.Debug|x64.ActiveCfg = Debug|x64
		{E151EE35-622D-409F-904E-6031684E49AB}.Debug|x64.Build.0 = Debug|x64
		{E151EE35-622D-409F-904E-6031684E49AB}.Debug|x86.ActiveCfg = Debug|Win32
		{E151EE35-622D-409F-904E-6031684E49AB}.Debug|x86.Build.0 = Debug|Win32
		{E151EE35-622D-409F-904E-6031684E49AB}.Release|Any CPU.ActiveCfg = Release|x64
		{E151EE35-622D-409F-904E-6031684E49AB}.Release|Any CPU.Build.0 = Release|x64
		{E151EE35-622D-409F-904E-6031684E49AB}.Release|x64.ActiveCfg = Release|x64
		{E151EE35-622D-409F-904E-6031684E49AB}.Release|x64.Build.0 = Release|x64
		{E151EE35-622D-409F-904E-6031684E49AB}.Release|x86.ActiveCfg = Release|Win32
		{E151EE35-622D-409F-904E-6031684E49AB}.Release|x86.Build.0 = Release|Win32
	EndGlobalSection
	GlobalSection(SolutionProperties) = preSolution
		HideSolutionNode = FALSE
	EndGlobalSection
	GlobalSection(ExtensibilityGlobals) = postSolution
		SolutionGuid = {323DBE17-3F1C-4662-810B-C3BE5B9E778C}
	EndGlobalSection
EndGlobal
